
Microsoft Visual Studio Solution File, Format Version 12.00
# Visual Studio Version 16
VisualStudioVersion = 16.0.30621.155
MinimumVisualStudioVersion = 10.0.40219.1
Project("{FAE04EC0-301F-11D3-BF4B-00C04F79EFBC}") = "16_probleme_cu_numere", "16_probleme_cu_numere\16_probleme_cu_numere.csproj", "{7D1C25D9-40EA-4CF2-A758-D4EB768AA834}"
EndProject
Global
	GlobalSection(SolutionConfigurationPlatforms) = preSolution
		Debug|Any CPU = Debug|Any CPU
		Release|Any CPU = Release|Any CPU
	EndGlobalSection
	GlobalSection(ProjectConfigurationPlatforms) = postSolution
		{7D1C25D9-40EA-4CF2-A758-D4EB768AA834}.Debug|Any CPU.ActiveCfg = Debug|Any CPU
		{7D1C25D9-40EA-4CF2-A758-D4EB768AA834}.Debug|Any CPU.Build.0 = Debug|Any CPU
		{7D1C25D9-40EA-4CF2-A758-D4EB768AA834}.Release|Any CPU.ActiveCfg = Release|Any CPU
		{7D1C25D9-40EA-4CF2-A758-D4EB768AA834}.Release|Any CPU.Build.0 = Release|Any CPU
	EndGlobalSection
	GlobalSection(SolutionProperties) = preSolution
		HideSolutionNode = FALSE
	EndGlobalSection
	GlobalSection(ExtensibilityGlobals) = postSolution
		SolutionGuid = {DEE50CCA-D0B4-48D5-BF6D-A65EB8BDFE2A}
	EndGlobalSection
EndGlobal
