
Microsoft Visual Studio Solution File, Format Version 12.00
# Visual Studio Version 16
VisualStudioVersion = 16.0.30621.155
MinimumVisualStudioVersion = 10.0.40219.1
Project("{FAE04EC0-301F-11D3-BF4B-00C04F79EFBC}") = "3_probleme_cu_numere", "3_probleme_cu_numere\3_probleme_cu_numere.csproj", "{BD7A13FE-B7CC-41C2-A525-C49ED927AFCB}"
EndProject
Global
	GlobalSection(SolutionConfigurationPlatforms) = preSolution
		Debug|Any CPU = Debug|Any CPU
		Release|Any CPU = Release|Any CPU
	EndGlobalSection
	GlobalSection(ProjectConfigurationPlatforms) = postSolution
		{BD7A13FE-B7CC-41C2-A525-C49ED927AFCB}.Debug|Any CPU.ActiveCfg = Debug|Any CPU
		{BD7A13FE-B7CC-41C2-A525-C49ED927AFCB}.Debug|Any CPU.Build.0 = Debug|Any CPU
		{BD7A13FE-B7CC-41C2-A525-C49ED927AFCB}.Release|Any CPU.ActiveCfg = Release|Any CPU
		{BD7A13FE-B7CC-41C2-A525-C49ED927AFCB}.Release|Any CPU.Build.0 = Release|Any CPU
	EndGlobalSection
	GlobalSection(SolutionProperties) = preSolution
		HideSolutionNode = FALSE
	EndGlobalSection
	GlobalSection(ExtensibilityGlobals) = postSolution
		SolutionGuid = {C1E0C740-B31A-4CD5-B282-390A17B660FF}
	EndGlobalSection
EndGlobal
