
Microsoft Visual Studio Solution File, Format Version 12.00
# Visual Studio Version 16
VisualStudioVersion = 16.0.30621.155
MinimumVisualStudioVersion = 10.0.40219.1
Project("{FAE04EC0-301F-11D3-BF4B-00C04F79EFBC}") = "13_probleme_cu_numere", "13_probleme_cu_numere\13_probleme_cu_numere.csproj", "{01256E89-D4E6-4EEF-AE84-6E3F0B2754CD}"
EndProject
Global
	GlobalSection(SolutionConfigurationPlatforms) = preSolution
		Debug|Any CPU = Debug|Any CPU
		Release|Any CPU = Release|Any CPU
	EndGlobalSection
	GlobalSection(ProjectConfigurationPlatforms) = postSolution
		{01256E89-D4E6-4EEF-AE84-6E3F0B2754CD}.Debug|Any CPU.ActiveCfg = Debug|Any CPU
		{01256E89-D4E6-4EEF-AE84-6E3F0B2754CD}.Debug|Any CPU.Build.0 = Debug|Any CPU
		{01256E89-D4E6-4EEF-AE84-6E3F0B2754CD}.Release|Any CPU.ActiveCfg = Release|Any CPU
		{01256E89-D4E6-4EEF-AE84-6E3F0B2754CD}.Release|Any CPU.Build.0 = Release|Any CPU
	EndGlobalSection
	GlobalSection(SolutionProperties) = preSolution
		HideSolutionNode = FALSE
	EndGlobalSection
	GlobalSection(ExtensibilityGlobals) = postSolution
		SolutionGuid = {33D89780-4FE9-43CD-931F-14001ABD4A56}
	EndGlobalSection
EndGlobal
