
Microsoft Visual Studio Solution File, Format Version 12.00
# Visual Studio Version 16
VisualStudioVersion = 16.0.30621.155
MinimumVisualStudioVersion = 10.0.40219.1
Project("{FAE04EC0-301F-11D3-BF4B-00C04F79EFBC}") = "9_probleme_cu_numere", "9_probleme_cu_numere\9_probleme_cu_numere.csproj", "{E7916563-BBE9-458C-A439-C22A217AD646}"
EndProject
Global
	GlobalSection(SolutionConfigurationPlatforms) = preSolution
		Debug|Any CPU = Debug|Any CPU
		Release|Any CPU = Release|Any CPU
	EndGlobalSection
	GlobalSection(ProjectConfigurationPlatforms) = postSolution
		{E7916563-BBE9-458C-A439-C22A217AD646}.Debug|Any CPU.ActiveCfg = Debug|Any CPU
		{E7916563-BBE9-458C-A439-C22A217AD646}.Debug|Any CPU.Build.0 = Debug|Any CPU
		{E7916563-BBE9-458C-A439-C22A217AD646}.Release|Any CPU.ActiveCfg = Release|Any CPU
		{E7916563-BBE9-458C-A439-C22A217AD646}.Release|Any CPU.Build.0 = Release|Any CPU
	EndGlobalSection
	GlobalSection(SolutionProperties) = preSolution
		HideSolutionNode = FALSE
	EndGlobalSection
	GlobalSection(ExtensibilityGlobals) = postSolution
		SolutionGuid = {A81796A4-BF93-48E2-8B45-6AD80A27EDFA}
	EndGlobalSection
EndGlobal
