
Microsoft Visual Studio Solution File, Format Version 12.00
# Visual Studio Version 16
VisualStudioVersion = 16.0.30621.155
MinimumVisualStudioVersion = 10.0.40219.1
Project("{FAE04EC0-301F-11D3-BF4B-00C04F79EFBC}") = "9_pool3", "9_pool3\9_pool3.csproj", "{2302BE14-ED86-4586-811A-A4C3D30F70CB}"
EndProject
Global
	GlobalSection(SolutionConfigurationPlatforms) = preSolution
		Debug|Any CPU = Debug|Any CPU
		Release|Any CPU = Release|Any CPU
	EndGlobalSection
	GlobalSection(ProjectConfigurationPlatforms) = postSolution
		{2302BE14-ED86-4586-811A-A4C3D30F70CB}.Debug|Any CPU.ActiveCfg = Debug|Any CPU
		{2302BE14-ED86-4586-811A-A4C3D30F70CB}.Debug|Any CPU.Build.0 = Debug|Any CPU
		{2302BE14-ED86-4586-811A-A4C3D30F70CB}.Release|Any CPU.ActiveCfg = Release|Any CPU
		{2302BE14-ED86-4586-811A-A4C3D30F70CB}.Release|Any CPU.Build.0 = Release|Any CPU
	EndGlobalSection
	GlobalSection(SolutionProperties) = preSolution
		HideSolutionNode = FALSE
	EndGlobalSection
	GlobalSection(ExtensibilityGlobals) = postSolution
		SolutionGuid = {A311DB2E-8623-400E-87B5-E80316D9066C}
	EndGlobalSection
EndGlobal
