
Microsoft Visual Studio Solution File, Format Version 12.00
# Visual Studio Version 16
VisualStudioVersion = 16.0.30621.155
MinimumVisualStudioVersion = 10.0.40219.1
Project("{FAE04EC0-301F-11D3-BF4B-00C04F79EFBC}") = "8_pool3", "8_pool3\8_pool3.csproj", "{6A307250-5038-45E1-B28E-34A4C06EE4FA}"
EndProject
Global
	GlobalSection(SolutionConfigurationPlatforms) = preSolution
		Debug|Any CPU = Debug|Any CPU
		Release|Any CPU = Release|Any CPU
	EndGlobalSection
	GlobalSection(ProjectConfigurationPlatforms) = postSolution
		{6A307250-5038-45E1-B28E-34A4C06EE4FA}.Debug|Any CPU.ActiveCfg = Debug|Any CPU
		{6A307250-5038-45E1-B28E-34A4C06EE4FA}.Debug|Any CPU.Build.0 = Debug|Any CPU
		{6A307250-5038-45E1-B28E-34A4C06EE4FA}.Release|Any CPU.ActiveCfg = Release|Any CPU
		{6A307250-5038-45E1-B28E-34A4C06EE4FA}.Release|Any CPU.Build.0 = Release|Any CPU
	EndGlobalSection
	GlobalSection(SolutionProperties) = preSolution
		HideSolutionNode = FALSE
	EndGlobalSection
	GlobalSection(ExtensibilityGlobals) = postSolution
		SolutionGuid = {6AA5E32D-1F1D-4FEB-8107-66CEF7551A63}
	EndGlobalSection
EndGlobal
