
Microsoft Visual Studio Solution File, Format Version 12.00
# Visual Studio Version 16
VisualStudioVersion = 16.0.30621.155
MinimumVisualStudioVersion = 10.0.40219.1
Project("{FAE04EC0-301F-11D3-BF4B-00C04F79EFBC}") = "10_probleme_cu_secvente", "10_probleme_cu_secvente\10_probleme_cu_secvente.csproj", "{1AEF9226-C103-4B3B-B665-437C5F3CCA60}"
EndProject
Global
	GlobalSection(SolutionConfigurationPlatforms) = preSolution
		Debug|Any CPU = Debug|Any CPU
		Release|Any CPU = Release|Any CPU
	EndGlobalSection
	GlobalSection(ProjectConfigurationPlatforms) = postSolution
		{1AEF9226-C103-4B3B-B665-437C5F3CCA60}.Debug|Any CPU.ActiveCfg = Debug|Any CPU
		{1AEF9226-C103-4B3B-B665-437C5F3CCA60}.Debug|Any CPU.Build.0 = Debug|Any CPU
		{1AEF9226-C103-4B3B-B665-437C5F3CCA60}.Release|Any CPU.ActiveCfg = Release|Any CPU
		{1AEF9226-C103-4B3B-B665-437C5F3CCA60}.Release|Any CPU.Build.0 = Release|Any CPU
	EndGlobalSection
	GlobalSection(SolutionProperties) = preSolution
		HideSolutionNode = FALSE
	EndGlobalSection
	GlobalSection(ExtensibilityGlobals) = postSolution
		SolutionGuid = {31954F57-7649-46AC-BB6D-BF697788E3DC}
	EndGlobalSection
EndGlobal
