
Microsoft Visual Studio Solution File, Format Version 12.00
# Visual Studio Version 16
VisualStudioVersion = 16.0.30621.155
MinimumVisualStudioVersion = 10.0.40219.1
Project("{FAE04EC0-301F-11D3-BF4B-00C04F79EFBC}") = "15_probleme_cu_numere", "15_probleme_cu_numere\15_probleme_cu_numere.csproj", "{1FBD3CB7-2DA7-433E-8C10-4F81EA19E59F}"
EndProject
Global
	GlobalSection(SolutionConfigurationPlatforms) = preSolution
		Debug|Any CPU = Debug|Any CPU
		Release|Any CPU = Release|Any CPU
	EndGlobalSection
	GlobalSection(ProjectConfigurationPlatforms) = postSolution
		{1FBD3CB7-2DA7-433E-8C10-4F81EA19E59F}.Debug|Any CPU.ActiveCfg = Debug|Any CPU
		{1FBD3CB7-2DA7-433E-8C10-4F81EA19E59F}.Debug|Any CPU.Build.0 = Debug|Any CPU
		{1FBD3CB7-2DA7-433E-8C10-4F81EA19E59F}.Release|Any CPU.ActiveCfg = Release|Any CPU
		{1FBD3CB7-2DA7-433E-8C10-4F81EA19E59F}.Release|Any CPU.Build.0 = Release|Any CPU
	EndGlobalSection
	GlobalSection(SolutionProperties) = preSolution
		HideSolutionNode = FALSE
	EndGlobalSection
	GlobalSection(ExtensibilityGlobals) = postSolution
		SolutionGuid = {A542C916-0D6B-462A-B21D-5E3AAB9BF2AE}
	EndGlobalSection
EndGlobal
