
Microsoft Visual Studio Solution File, Format Version 12.00
# Visual Studio Version 16
VisualStudioVersion = 16.0.30621.155
MinimumVisualStudioVersion = 10.0.40219.1
Project("{FAE04EC0-301F-11D3-BF4B-00C04F79EFBC}") = "7_pool3", "7_pool3\7_pool3.csproj", "{C829845D-BC3E-40EF-B9F9-95A9CDBA300E}"
EndProject
Global
	GlobalSection(SolutionConfigurationPlatforms) = preSolution
		Debug|Any CPU = Debug|Any CPU
		Release|Any CPU = Release|Any CPU
	EndGlobalSection
	GlobalSection(ProjectConfigurationPlatforms) = postSolution
		{C829845D-BC3E-40EF-B9F9-95A9CDBA300E}.Debug|Any CPU.ActiveCfg = Debug|Any CPU
		{C829845D-BC3E-40EF-B9F9-95A9CDBA300E}.Debug|Any CPU.Build.0 = Debug|Any CPU
		{C829845D-BC3E-40EF-B9F9-95A9CDBA300E}.Release|Any CPU.ActiveCfg = Release|Any CPU
		{C829845D-BC3E-40EF-B9F9-95A9CDBA300E}.Release|Any CPU.Build.0 = Release|Any CPU
	EndGlobalSection
	GlobalSection(SolutionProperties) = preSolution
		HideSolutionNode = FALSE
	EndGlobalSection
	GlobalSection(ExtensibilityGlobals) = postSolution
		SolutionGuid = {15FA0129-3B69-4E46-9485-9F2412DD0DF0}
	EndGlobalSection
EndGlobal
